
Microsoft Visual Studio Solution File, Format Version 12.00
# Visual Studio Version 16
VisualStudioVersion = 16.0.31624.102
MinimumVisualStudioVersion = 10.0.40219.1
Project("{9A19103F-16F7-4668-BE54-9A1E7A4F7556}") = "Statix", "Statix\Statix.csproj", "{68E834AB-7834-446E-8783-89E981261A95}"
EndProject
Project("{9A19103F-16F7-4668-BE54-9A1E7A4F7556}") = "StatixTests", "StatixTests\StatixTests.csproj", "{4A8FDBE6-0820-400D-8795-0CA139823CA1}"
EndProject
Project("{9A19103F-16F7-4668-BE54-9A1E7A4F7556}") = "StatixBuilder", "StatixBuilder\StatixBuilder.csproj", "{3F937CB7-A699-491D-83FF-B2064905ACC8}"
EndProject
Global
	GlobalSection(SolutionConfigurationPlatforms) = preSolution
		Debug|Any CPU = Debug|Any CPU
		Release|Any CPU = Release|Any CPU
	EndGlobalSection
	GlobalSection(ProjectConfigurationPlatforms) = postSolution
		{68E834AB-7834-446E-8783-89E981261A95}.Debug|Any CPU.ActiveCfg = Debug|Any CPU
		{68E834AB-7834-446E-8783-89E981261A95}.Debug|Any CPU.Build.0 = Debug|Any CPU
		{68E834AB-7834-446E-8783-89E981261A95}.Release|Any CPU.ActiveCfg = Release|Any CPU
		{68E834AB-7834-446E-8783-89E981261A95}.Release|Any CPU.Build.0 = Release|Any CPU
		{4A8FDBE6-0820-400D-8795-0CA139823CA1}.Debug|Any CPU.ActiveCfg = Debug|Any CPU
		{4A8FDBE6-0820-400D-8795-0CA139823CA1}.Debug|Any CPU.Build.0 = Debug|Any CPU
		{4A8FDBE6-0820-400D-8795-0CA139823CA1}.Release|Any CPU.ActiveCfg = Release|Any CPU
		{4A8FDBE6-0820-400D-8795-0CA139823CA1}.Release|Any CPU.Build.0 = Release|Any CPU
		{3F937CB7-A699-491D-83FF-B2064905ACC8}.Debug|Any CPU.ActiveCfg = Debug|Any CPU
		{3F937CB7-A699-491D-83FF-B2064905ACC8}.Debug|Any CPU.Build.0 = Debug|Any CPU
		{3F937CB7-A699-491D-83FF-B2064905ACC8}.Release|Any CPU.ActiveCfg = Release|Any CPU
		{3F937CB7-A699-491D-83FF-B2064905ACC8}.Release|Any CPU.Build.0 = Release|Any CPU
	EndGlobalSection
	GlobalSection(SolutionProperties) = preSolution
		HideSolutionNode = FALSE
	EndGlobalSection
	GlobalSection(ExtensibilityGlobals) = postSolution
		SolutionGuid = {B3C1E64C-B591-4463-89E7-9CF3CA6997E1}
	EndGlobalSection
EndGlobal
